PODS:
  - WechatOpenSDK (1.8.4)

DEPENDENCIES:
  - WechatOpenSDK (~> 1.8.4)

SPEC REPOS:
  https://github.com/cocoapods/specs.git:
    - WechatOpenSDK

SPEC CHECKSUMS:
  WechatOpenSDK: 9b721089507c895d05f997408c30bb6e6f5f9b60

PODFILE CHECKSUM: 366ac0b9856411092aa0e098b69bd2a1814b01d5

COCOAPODS: 1.7.0
